<?xml version="1.0" encoding="utf-8"?>
<Project ToolsVersion="4.0" xmlns="http://schemas.microsoft.com/developer/msbuild/2003">
  <ItemGroup>
    <ClCompile Include="ImGui\imgui.cpp">
      <Filter>Headers\ImGui</Filter>
    </ClCompile>
    <ClCompile Include="ImGui\imgui_demo.cpp">
      <Filter>Headers\ImGui</Filter>
    </ClCompile>
    <ClCompile Include="ImGui\imgui_draw.cpp">
      <Filter>Headers\ImGui</Filter>
    </ClCompile>
    <ClCompile Include="ImGui\imgui_impl_dx9.cpp">
      <Filter>Headers\ImGui</Filter>
    </ClCompile>
    <ClCompile Include="ImGui\imgui_impl_win32.cpp">
      <Filter>Headers\ImGui</Filter>
    </ClCompile>
    <ClCompile Include="ImGui\imgui_widgets.cpp">
      <Filter>Headers\ImGui</Filter>
    </ClCompile>
    <ClCompile Include="dllmain.cpp">
      <Filter>Source</Filter>
    </ClCompile>
    <ClCompile Include="Interfaces.cpp">
      <Filter>Source</Filter>
    </ClCompile>
    <ClCompile Include="Netvars.cpp">
      <Filter>Source</Filter>
    </ClCompile>
    <ClCompile Include="Hacks\Aimbot.cpp">
      <Filter>Source\Hacks</Filter>
    </ClCompile>
    <ClCompile Include="Hacks\ESP.cpp">
      <Filter>Source\Hacks</Filter>
    </ClCompile>
    <ClCompile Include="Globals.cpp">
      <Filter>Source</Filter>
    </ClCompile>
    <ClCompile Include="Hacks\Backtrack.cpp">
      <Filter>Source\Hacks</Filter>
    </ClCompile>
    <ClCompile Include="Hacks\Autowall.cpp">
      <Filter>Source\Hacks</Filter>
    </ClCompile>
    <ClCompile Include="Hacks\AntiAim.cpp">
      <Filter>Source\Hacks</Filter>
    </ClCompile>
    <ClCompile Include="GlobalVars.cpp">
      <Filter>Source</Filter>
    </ClCompile>
    <ClCompile Include="Hooks.cpp">
      <Filter>Source</Filter>
    </ClCompile>
    <ClCompile Include="Hacks\Movement.cpp">
      <Filter>Source\Hacks</Filter>
    </ClCompile>
    <ClCompile Include="GUI\GUI.cpp">
      <Filter>Source\GUI</Filter>
    </ClCompile>
    <ClCompile Include="GUI\HTTP.cpp">
      <Filter>Source\GUI</Filter>
    </ClCompile>
    <ClCompile Include="GUI\Config.cpp">
      <Filter>Source\GUI</Filter>
    </ClCompile>
    <ClCompile Include="Hacks\Chams.cpp">
      <Filter>Source\Hacks</Filter>
    </ClCompile>
    <ClCompile Include="Hacks\World.cpp">
      <Filter>Source\Hacks</Filter>
    </ClCompile>
  </ItemGroup>
  <ItemGroup>
    <ClInclude Include="ImGui\imconfig.h">
      <Filter>Headers\ImGui</Filter>
    </ClInclude>
    <ClInclude Include="ImGui\imgui.h">
      <Filter>Headers\ImGui</Filter>
    </ClInclude>
    <ClInclude Include="ImGui\imgui_impl_dx9.h">
      <Filter>Headers\ImGui</Filter>
    </ClInclude>
    <ClInclude Include="ImGui\imgui_impl_win32.h">
      <Filter>Headers\ImGui</Filter>
    </ClInclude>
    <ClInclude Include="ImGui\imgui_internal.h">
      <Filter>Headers\ImGui</Filter>
    </ClInclude>
    <ClInclude Include="ImGui\imstb_rectpack.h">
      <Filter>Headers\ImGui</Filter>
    </ClInclude>
    <ClInclude Include="ImGui\imstb_textedit.h">
      <Filter>Headers\ImGui</Filter>
    </ClInclude>
    <ClInclude Include="ImGui\imstb_truetype.h">
      <Filter>Headers\ImGui</Filter>
    </ClInclude>
    <ClInclude Include="Utils\GetVFunc.hpp">
      <Filter>Headers\Utils</Filter>
    </ClInclude>
    <ClInclude Include="Globals.hpp">
      <Filter>Headers</Filter>
    </ClInclude>
    <ClInclude Include="Utils\Macro.hpp">
      <Filter>Headers\Utils</Filter>
    </ClInclude>
    <ClInclude Include="Utils\VMTManager.hpp">
      <Filter>Headers\Utils</Filter>
    </ClInclude>
    <ClInclude Include="Utils\Utils.hpp">
      <Filter>Headers\Utils</Filter>
    </ClInclude>
    <ClInclude Include="Utils\PatternScan.hpp">
      <Filter>Headers\Utils</Filter>
    </ClInclude>
    <ClInclude Include="Include.hpp">
      <Filter>Headers</Filter>
    </ClInclude>
    <ClInclude Include="Utils\InterfaceTools.hpp">
      <Filter>Headers\Utils</Filter>
    </ClInclude>
    <ClInclude Include="Valve\Custom\Vec.hpp">
      <Filter>Headers\Valve\Custom</Filter>
    </ClInclude>
    <ClInclude Include="Hooks.hpp">
      <Filter>Headers</Filter>
    </ClInclude>
    <ClInclude Include="Valve\Custom\Color.hpp">
      <Filter>Headers\Valve\Custom</Filter>
    </ClInclude>
    <ClInclude Include="Valve\SDK\Prototypes.hpp">
      <Filter>Headers\Valve\SDK</Filter>
    </ClInclude>
    <ClInclude Include="Valve\SDK\Constants.hpp">
      <Filter>Headers\Valve\SDK</Filter>
    </ClInclude>
    <ClInclude Include="Valve\SDK\BSPFlags.hpp">
      <Filter>Headers\Valve\SDK</Filter>
    </ClInclude>
    <ClInclude Include="Valve\SDK\CUserCmd.hpp">
      <Filter>Headers\Valve\SDK</Filter>
    </ClInclude>
    <ClInclude Include="Valve\SDK\ClientFrameStage_t.hpp">
      <Filter>Headers\Valve\SDK</Filter>
    </ClInclude>
    <ClInclude Include="Valve\SDK\EFontFlags.hpp">
      <Filter>Headers\Valve\SDK</Filter>
    </ClInclude>
    <ClInclude Include="Valve\SDK\player_info_t.hpp">
      <Filter>Headers\Valve\SDK</Filter>
    </ClInclude>
    <ClInclude Include="Valve\Custom\Matrix3x4.hpp">
      <Filter>Headers\Valve\Custom</Filter>
    </ClInclude>
    <ClInclude Include="Valve\SDK\RecvProp.hpp">
      <Filter>Headers\Valve\SDK</Filter>
    </ClInclude>
    <ClInclude Include="Valve\SDK\RecvTable.hpp">
      <Filter>Headers\Valve\SDK</Filter>
    </ClInclude>
    <ClInclude Include="Valve\Interfaces\IBaseClientDLL.hpp">
      <Filter>Headers\Valve\Interfaces</Filter>
    </ClInclude>
    <ClInclude Include="Valve\SDK\ClientClass.h">
      <Filter>Headers\Valve\SDK</Filter>
    </ClInclude>
    <ClInclude Include="Interfaces.hpp">
      <Filter>Headers</Filter>
    </ClInclude>
    <ClInclude Include="GUI\Config.hpp">
      <Filter>Headers\GUI</Filter>
    </ClInclude>
    <ClInclude Include="GUI\GUI.hpp">
      <Filter>Headers\GUI</Filter>
    </ClInclude>
    <ClInclude Include="Netvars.hpp">
      <Filter>Headers</Filter>
    </ClInclude>
    <ClInclude Include="Valve\SDK\WeaponData.hpp">
      <Filter>Headers\Valve\SDK</Filter>
    </ClInclude>
    <ClInclude Include="Entity.hpp">
      <Filter>Headers</Filter>
    </ClInclude>
    <ClInclude Include="Valve\Interfaces\IVEngineClient.hpp">
      <Filter>Headers\Valve\Interfaces</Filter>
    </ClInclude>
    <ClInclude Include="Valve\SDK\NetChannel.hpp">
      <Filter>Headers\Valve\SDK</Filter>
    </ClInclude>
    <ClInclude Include="Valve\Interfaces\IClientEntityList.hpp">
      <Filter>Headers\Valve\Interfaces</Filter>
    </ClInclude>
    <ClInclude Include="Valve\Interfaces\GlobalVars.hpp">
      <Filter>Headers\Valve\Interfaces</Filter>
    </ClInclude>
    <ClInclude Include="Valve\Interfaces\Surface.hpp">
      <Filter>Headers\Valve\Interfaces</Filter>
    </ClInclude>
    <ClInclude Include="Valve\Interfaces\Panel.hpp">
      <Filter>Headers\Valve\Interfaces</Filter>
    </ClInclude>
    <ClInclude Include="GUI\HTTP.hpp">
      <Filter>Headers\GUI</Filter>
    </ClInclude>
    <ClInclude Include="Hacks\Hacks.hpp">
      <Filter>Headers\Hacks</Filter>
    </ClInclude>
    <ClInclude Include="Hacks\Aimbot.hpp">
      <Filter>Headers\Hacks</Filter>
    </ClInclude>
    <ClInclude Include="Hacks\ESP.hpp">
      <Filter>Headers\Hacks</Filter>
    </ClInclude>
    <ClInclude Include="Hacks\Backtrack.hpp">
      <Filter>Headers\Hacks</Filter>
    </ClInclude>
    <ClInclude Include="Valve\Interfaces\IVModelInfo.hpp">
      <Filter>Headers\Valve\Interfaces</Filter>
    </ClInclude>
    <ClInclude Include="Valve\SDK\Studio.hpp">
      <Filter>Headers\Valve\SDK</Filter>
    </ClInclude>
    <ClInclude Include="Valve\Interfaces\IEngineTrace.hpp">
      <Filter>Headers\Valve\Interfaces</Filter>
    </ClInclude>
    <ClInclude Include="Valve\SDK\Ray_t.hpp">
      <Filter>Headers\Valve\SDK</Filter>
    </ClInclude>
    <ClInclude Include="Valve\SDK\trace_t.hpp">
      <Filter>Headers\Valve\SDK</Filter>
    </ClInclude>
    <ClInclude Include="Valve\SDK\CTraceFilter.hpp">
      <Filter>Headers\Valve\SDK</Filter>
    </ClInclude>
    <ClInclude Include="Valve\Interfaces\PhysicsSurfaceProps.hpp">
      <Filter>Headers\Valve\Interfaces</Filter>
    </ClInclude>
    <ClInclude Include="Valve\SDK\SurfaceData.hpp">
      <Filter>Headers\Valve\SDK</Filter>
    </ClInclude>
    <ClInclude Include="Hacks\Autowall.hpp">
      <Filter>Headers\Hacks</Filter>
    </ClInclude>
    <ClInclude Include="Valve\Interfaces\GameEventManager.hpp">
      <Filter>Headers\Valve\Interfaces</Filter>
    </ClInclude>
    <ClInclude Include="Utils\StrHash.hpp">
      <Filter>Headers\Utils</Filter>
    </ClInclude>
    <ClInclude Include="Valve\SDK\AnimState.hpp">
      <Filter>Headers\Valve\SDK</Filter>
    </ClInclude>
    <ClInclude Include="Hacks\AntiAim.hpp">
      <Filter>Headers\Hacks</Filter>
    </ClInclude>
    <ClInclude Include="Valve\Interfaces\InputSystem.hpp">
      <Filter>Headers\Valve\Interfaces</Filter>
    </ClInclude>
    <ClInclude Include="Valve\Interfaces\Convar.hpp">
      <Filter>Headers\Valve\Interfaces</Filter>
    </ClInclude>
    <ClInclude Include="Valve\SDK\UtlVector.hpp">
      <Filter>Headers\Valve\SDK</Filter>
    </ClInclude>
    <ClInclude Include="Valve\Interfaces\CInput.hpp">
      <Filter>Headers\Valve\Interfaces</Filter>
    </ClInclude>
    <ClInclude Include="Valve\Valve.hpp">
      <Filter>Headers</Filter>
    </ClInclude>
    <ClInclude Include="Valve\Custom\WeaponId.hpp">
      <Filter>Headers\Valve\Custom</Filter>
    </ClInclude>
    <ClInclude Include="Valve\Interfaces\ModelRender.h">
      <Filter>Headers\Valve\Interfaces</Filter>
    </ClInclude>
    <ClInclude Include="Valve\SDK\Material.h">
      <Filter>Headers\Valve\SDK</Filter>
    </ClInclude>
    <ClInclude Include="Valve\Interfaces\MaterialSystem.h">
      <Filter>Headers\Valve\Interfaces</Filter>
    </ClInclude>
    <ClInclude Include="Valve\SDK\KeyValues.h">
      <Filter>Headers\Valve\SDK</Filter>
    </ClInclude>
    <ClInclude Include="Valve\Custom\Math.hpp">
      <Filter>Headers\Valve\Custom</Filter>
    </ClInclude>
    <ClInclude Include="Hacks\Movement.hpp">
      <Filter>Headers\Hacks</Filter>
    </ClInclude>
    <ClInclude Include="Hacks\Chams.hpp">
      <Filter>Headers\Hacks</Filter>
    </ClInclude>
    <ClInclude Include="Valve\SDK\SoundData.hpp">
      <Filter>Headers\Valve\SDK</Filter>
    </ClInclude>
    <ClInclude Include="Hacks\World.hpp">
      <Filter>Headers\Hacks</Filter>
    </ClInclude>
  </ItemGroup>
  <ItemGroup>
    <Filter Include="Headers">
      <UniqueIdentifier>{0810755d-df1f-4cd8-b2e4-ea6a7121c4e0}</UniqueIdentifier>
    </Filter>
    <Filter Include="Headers\ImGui">
      <UniqueIdentifier>{193510ae-72f4-4e95-b17a-d5d023e03700}</UniqueIdentifier>
    </Filter>
    <Filter Include="Headers\Utils">
      <UniqueIdentifier>{84079906-1d2e-4bb7-8c02-4dae26b2a974}</UniqueIdentifier>
    </Filter>
    <Filter Include="Source">
      <UniqueIdentifier>{c6e88f6d-c8e8-4684-828f-97109ecd0632}</UniqueIdentifier>
    </Filter>
    <Filter Include="Headers\Valve">
      <UniqueIdentifier>{090700ca-66ed-41c3-b10e-31ff97372196}</UniqueIdentifier>
    </Filter>
    <Filter Include="Headers\Valve\Custom">
      <UniqueIdentifier>{c70b1382-d216-4577-ad7b-ac7b8e19b1cc}</UniqueIdentifier>
    </Filter>
    <Filter Include="Headers\Valve\SDK">
      <UniqueIdentifier>{cd3901ca-6416-4217-9437-99033e772017}</UniqueIdentifier>
    </Filter>
    <Filter Include="Headers\Valve\Interfaces">
      <UniqueIdentifier>{1d8f1a04-9ba6-442c-bcc9-304b53fce71f}</UniqueIdentifier>
    </Filter>
    <Filter Include="Headers\GUI">
      <UniqueIdentifier>{f8fa800d-690c-4e03-9a34-8c024646daae}</UniqueIdentifier>
    </Filter>
    <Filter Include="Headers\Hacks">
      <UniqueIdentifier>{d9cf0fb7-2254-46d6-9f8b-883a4a934dd4}</UniqueIdentifier>
    </Filter>
    <Filter Include="Source\Hacks">
      <UniqueIdentifier>{6f9f016a-4e60-464c-9a96-307a1773eed6}</UniqueIdentifier>
    </Filter>
    <Filter Include="Source\GUI">
      <UniqueIdentifier>{9453fa03-f8d4-49de-8892-4d79f5710bc6}</UniqueIdentifier>
    </Filter>
  </ItemGroup>
</Project>